// !$*UTF8*$!
{
	archiveVersion = 1;
	classes = {
	};
	objectVersion = 50;
	objects = {

/* Begin PBXBuildFile section */
		4EAF62AC214DA73E00B9CAC7 /* AppDelegate.swift in Sources */ = {isa = PBXBuildFile; fileRef = 4EAF62AB214DA73E00B9CAC7 /* AppDelegate.swift */; };
		4EAF62B1214DA73E00B9CAC7 /* Main.storyboard in Resources */ = {isa = PBXBuildFile; fileRef = 4EAF62AF214DA73E00B9CAC7 /* Main.storyboard */; };
		4EAF62B3214DA73F00B9CAC7 /* Assets.xcassets in Resources */ = {isa = PBXBuildFile; fileRef = 4EAF62B2214DA73F00B9CAC7 /* Assets.xcassets */; };
		4EAF62B6214DA73F00B9CAC7 /* LaunchScreen.storyboard in Resources */ = {isa = PBXBuildFile; fileRef = 4EAF62B4214DA73F00B9CAC7 /* LaunchScreen.storyboard */; };
		4EAF62C1214DA73F00B9CAC7 /* FlixTests.swift in Sources */ = {isa = PBXBuildFile; fileRef = 4EAF62C0214DA73F00B9CAC7 /* FlixTests.swift */; };
		4EAF62CC214DA73F00B9CAC7 /* FlixUITests.swift in Sources */ = {isa = PBXBuildFile; fileRef = 4EAF62CB214DA73F00B9CAC7 /* FlixUITests.swift */; };
		4EAF62DA214DEF1600B9CAC7 /* NowPlayingViewController.swift in Sources */ = {isa = PBXBuildFile; fileRef = 4EAF62D9214DEF1600B9CAC7 /* NowPlayingViewController.swift */; };
		4EAF62DC214FF9D400B9CAC7 /* MovieCell.swift in Sources */ = {isa = PBXBuildFile; fileRef = 4EAF62DB214FF9D400B9CAC7 /* MovieCell.swift */; };
		67EA4CA38B8AEB5020F042A1 /* Pods_FlixUITests.framework in Frameworks */ = {isa = PBXBuildFile; fileRef = 3F23F9F021AF4623A3BDA084 /* Pods_FlixUITests.framework */; };
		A33BC6BAA781F3FCE23FFB64 /* Pods_FlixTests.framework in Frameworks */ = {isa = PBXBuildFile; fileRef = BAE7F50906C636A02824286A /* Pods_FlixTests.framework */; };
		E91100535313072EA1230DCD /* Pods_Flix.framework in Frameworks */ = {isa = PBXBuildFile; fileRef = 7D6DDE6A80E818B5458F2796 /* Pods_Flix.framework */; };
/* End PBXBuildFile section */

/* Begin PBXContainerItemProxy section */
		4EAF62BD214DA73F00B9CAC7 /* PBXContainerItemProxy */ = {
			isa = PBXContainerItemProxy;
			containerPortal = 4EAF62A0214DA73E00B9CAC7 /* Project object */;
			proxyType = 1;
			remoteGlobalIDString = 4EAF62A7214DA73E00B9CAC7;
			remoteInfo = Flix;
		};
		4EAF62C8214DA73F00B9CAC7 /* PBXContainerItemProxy */ = {
			isa = PBXContainerItemProxy;
			containerPortal = 4EAF62A0214DA73E00B9CAC7 /* Project object */;
			proxyType = 1;
			remoteGlobalIDString = 4EAF62A7214DA73E00B9CAC7;
			remoteInfo = Flix;
		};
/* End PBXContainerItemProxy section */

/* Begin PBXFileReference section */
		1BFA22947C98E9913CB83F11 /* Pods-Flix.debug.xcconfig */ = {isa = PBXFileReference; includeInIndex = 1; lastKnownFileType = text.xcconfig; name = "Pods-Flix.debug.xcconfig"; path = "Pods/Target Support Files/Pods-Flix/Pods-Flix.debug.xcconfig"; sourceTree = "<group>"; };
		36C63BAD073D43E7BADF543B /* Pods-FlixUITests.debug.xcconfig */ = {isa = PBXFileReference; includeInIndex = 1; lastKnownFileType = text.xcconfig; name = "Pods-FlixUITests.debug.xcconfig"; path = "Pods/Target Support Files/Pods-FlixUITests/Pods-FlixUITests.debug.xcconfig"; sourceTree = "<group>"; };
		39893F7584E86EE6420DD4E7 /* Pods-Flix.release.xcconfig */ = {isa = PBXFileReference; includeInIndex = 1; lastKnownFileType = text.xcconfig; name = "Pods-Flix.release.xcconfig"; path = "Pods/Target Support Files/Pods-Flix/Pods-Flix.release.xcconfig"; sourceTree = "<group>"; };
		3F23F9F021AF4623A3BDA084 /* Pods_FlixUITests.framework */ = {isa = PBXFileReference; explicitFileType = wrapper.framework; includeInIndex = 0; path = Pods_FlixUITests.framework; sourceTree = BUILT_PRODUCTS_DIR; };
		4EAF62A8214DA73E00B9CAC7 /* Flix.app */ = {isa = PBXFileReference; explicitFileType = wrapper.application; includeInIndex = 0; path = Flix.app; sourceTree = BUILT_PRODUCTS_DIR; };
		4EAF62AB214DA73E00B9CAC7 /* AppDelegate.swift */ = {isa = PBXFileReference; lastKnownFileType = sourcecode.swift; path = AppDelegate.swift; sourceTree = "<group>"; };
		4EAF62B0214DA73E00B9CAC7 /* Base */ = {isa = PBXFileReference; lastKnownFileType = file.storyboard; name = Base; path = Base.lproj/Main.storyboard; sourceTree = "<group>"; };
		4EAF62B2214DA73F00B9CAC7 /* Assets.xcassets */ = {isa = PBXFileReference; lastKnownFileType = folder.assetcatalog; path = Assets.xcassets; sourceTree = "<group>"; };
		4EAF62B5214DA73F00B9CAC7 /* Base */ = {isa = PBXFileReference; lastKnownFileType = file.storyboard; name = Base; path = Base.lproj/LaunchScreen.storyboard; sourceTree = "<group>"; };
		4EAF62B7214DA73F00B9CAC7 /* Info.plist */ = {isa = PBXFileReference; lastKnownFileType = text.plist.xml; path = Info.plist; sourceTree = "<group>"; };
		4EAF62BC214DA73F00B9CAC7 /* FlixTests.xctest */ = {isa = PBXFileReference; explicitFileType = wrapper.cfbundle; includeInIndex = 0; path = FlixTests.xctest; sourceTree = BUILT_PRODUCTS_DIR; };
		4EAF62C0214DA73F00B9CAC7 /* FlixTests.swift */ = {isa = PBXFileReference; lastKnownFileType = sourcecode.swift; path = FlixTests.swift; sourceTree = "<group>"; };
		4EAF62C2214DA73F00B9CAC7 /* Info.plist */ = {isa = PBXFileReference; lastKnownFileType = text.plist.xml; path = Info.plist; sourceTree = "<group>"; };
		4EAF62C7214DA73F00B9CAC7 /* FlixUITests.xctest */ = {isa = PBXFileReference; explicitFileType = wrapper.cfbundle; includeInIndex = 0; path = FlixUITests.xctest; sourceTree = BUILT_PRODUCTS_DIR; };
		4EAF62CB214DA73F00B9CAC7 /* FlixUITests.swift */ = {isa = PBXFileReference; lastKnownFileType = sourcecode.swift; path = FlixUITests.swift; sourceTree = "<group>"; };
		4EAF62CD214DA73F00B9CAC7 /* Info.plist */ = {isa = PBXFileReference; lastKnownFileType = text.plist.xml; path = Info.plist; sourceTree = "<group>"; };
		4EAF62D9214DEF1600B9CAC7 /* NowPlayingViewController.swift */ = {isa = PBXFileReference; lastKnownFileType = sourcecode.swift; path = NowPlayingViewController.swift; sourceTree = "<group>"; };
		4EAF62DB214FF9D400B9CAC7 /* MovieCell.swift */ = {isa = PBXFileReference; lastKnownFileType = sourcecode.swift; path = MovieCell.swift; sourceTree = "<group>"; };
		7D6DDE6A80E818B5458F2796 /* Pods_Flix.framework */ = {isa = PBXFileReference; explicitFileType = wrapper.framework; includeInIndex = 0; path = Pods_Flix.framework; sourceTree = BUILT_PRODUCTS_DIR; };
		A52E12BCA7C2D4C90DA21B3A /* Pods-FlixTests.release.xcconfig */ = {isa = PBXFileReference; includeInIndex = 1; lastKnownFileType = text.xcconfig; name = "Pods-FlixTests.release.xcconfig"; path = "Pods/Target Support Files/Pods-FlixTests/Pods-FlixTests.release.xcconfig"; sourceTree = "<group>"; };
		BA303E4F3BCCD8C0B2360F97 /* Pods-FlixTests.debug.xcconfig */ = {isa = PBXFileReference; includeInIndex = 1; lastKnownFileType = text.xcconfig; name = "Pods-FlixTests.debug.xcconfig"; path = "Pods/Target Support Files/Pods-FlixTests/Pods-FlixTests.debug.xcconfig"; sourceTree = "<group>"; };
		BAE7F50906C636A02824286A /* Pods_FlixTests.framework */ = {isa = PBXFileReference; explicitFileType = wrapper.framework; includeInIndex = 0; path = Pods_FlixTests.framework; sourceTree = BUILT_PRODUCTS_DIR; };
		EB2065DBCFD1C61209D99F97 /* Pods-FlixUITests.release.xcconfig */ = {isa = PBXFileReference; includeInIndex = 1; lastKnownFileType = text.xcconfig; name = "Pods-FlixUITests.release.xcconfig"; path = "Pods/Target Support Files/Pods-FlixUITests/Pods-FlixUITests.release.xcconfig"; sourceTree = "<group>"; };
/* End PBXFileReference section */

/* Begin PBXFrameworksBuildPhase section */
		4EAF62A5214DA73E00B9CAC7 /* Frameworks */ = {
			isa = PBXFrameworksBuildPhase;
			buildActionMask = 2147483647;
			files = (
				E91100535313072EA1230DCD /* Pods_Flix.framework in Frameworks */,
			);
			runOnlyForDeploymentPostprocessing = 0;
		};
		4EAF62B9214DA73F00B9CAC7 /* Frameworks */ = {
			isa = PBXFrameworksBuildPhase;
			buildActionMask = 2147483647;
			files = (
				A33BC6BAA781F3FCE23FFB64 /* Pods_FlixTests.framework in Frameworks */,
			);
			runOnlyForDeploymentPostprocessing = 0;
		};
		4EAF62C4214DA73F00B9CAC7 /* Frameworks */ = {
			isa = PBXFrameworksBuildPhase;
			buildActionMask = 2147483647;
			files = (
				67EA4CA38B8AEB5020F042A1 /* Pods_FlixUITests.framework in Frameworks */,
			);
			runOnlyForDeploymentPostprocessing = 0;
		};
/* End PBXFrameworksBuildPhase section */

/* Begin PBXGroup section */
		3A20DAF993D821D1D9ED6307 /* Frameworks */ = {
			isa = PBXGroup;
			children = (
				7D6DDE6A80E818B5458F2796 /* Pods_Flix.framework */,
				BAE7F50906C636A02824286A /* Pods_FlixTests.framework */,
				3F23F9F021AF4623A3BDA084 /* Pods_FlixUITests.framework */,
			);
			name = Frameworks;
			sourceTree = "<group>";
		};
		4EAF629F214DA73E00B9CAC7 = {
			isa = PBXGroup;
			children = (
				4EAF62AA214DA73E00B9CAC7 /* Flix */,
				4EAF62BF214DA73F00B9CAC7 /* FlixTests */,
				4EAF62CA214DA73F00B9CAC7 /* FlixUITests */,
				4EAF62A9214DA73E00B9CAC7 /* Products */,
				E1AEDD164D29A4BF81BE3799 /* Pods */,
				3A20DAF993D821D1D9ED6307 /* Frameworks */,
			);
			sourceTree = "<group>";
		};
		4EAF62A9214DA73E00B9CAC7 /* Products */ = {
			isa = PBXGroup;
			children = (
				4EAF62A8214DA73E00B9CAC7 /* Flix.app */,
				4EAF62BC214DA73F00B9CAC7 /* FlixTests.xctest */,
				4EAF62C7214DA73F00B9CAC7 /* FlixUITests.xctest */,
			);
			name = Products;
			sourceTree = "<group>";
		};
		4EAF62AA214DA73E00B9CAC7 /* Flix */ = {
			isa = PBXGroup;
			children = (
				4EAF62D9214DEF1600B9CAC7 /* NowPlayingViewController.swift */,
				4EAF62AB214DA73E00B9CAC7 /* AppDelegate.swift */,
				4EAF62AF214DA73E00B9CAC7 /* Main.storyboard */,
				4EAF62DB214FF9D400B9CAC7 /* MovieCell.swift */,
				4EAF62B2214DA73F00B9CAC7 /* Assets.xcassets */,
				4EAF62B4214DA73F00B9CAC7 /* LaunchScreen.storyboard */,
				4EAF62B7214DA73F00B9CAC7 /* Info.plist */,
			);
			path = Flix;
			sourceTree = "<group>";
		};
		4EAF62BF214DA73F00B9CAC7 /* FlixTests */ = {
			isa = PBXGroup;
			children = (
				4EAF62C0214DA73F00B9CAC7 /* FlixTests.swift */,
				4EAF62C2214DA73F00B9CAC7 /* Info.plist */,
			);
			path = FlixTests;
			sourceTree = "<group>";
		};
		4EAF62CA214DA73F00B9CAC7 /* FlixUITests */ = {
			isa = PBXGroup;
			children = (
				4EAF62CB214DA73F00B9CAC7 /* FlixUITests.swift */,
				4EAF62CD214DA73F00B9CAC7 /* Info.plist */,
			);
			path = FlixUITests;
			sourceTree = "<group>";
		};
		E1AEDD164D29A4BF81BE3799 /* Pods */ = {
			isa = PBXGroup;
			children = (
				1BFA22947C98E9913CB83F11 /* Pods-Flix.debug.xcconfig */,
				39893F7584E86EE6420DD4E7 /* Pods-Flix.release.xcconfig */,
				BA303E4F3BCCD8C0B2360F97 /* Pods-FlixTests.debug.xcconfig */,
				A52E12BCA7C2D4C90DA21B3A /* Pods-FlixTests.release.xcconfig */,
				36C63BAD073D43E7BADF543B /* Pods-FlixUITests.debug.xcconfig */,
				EB2065DBCFD1C61209D99F97 /* Pods-FlixUITests.release.xcconfig */,
			);
			name = Pods;
			sourceTree = "<group>";
		};
/* End PBXGroup section */

/* Begin PBXNativeTarget section */
		4EAF62A7214DA73E00B9CAC7 /* Flix */ = {
			isa = PBXNativeTarget;
			buildConfigurationList = 4EAF62D0214DA73F00B9CAC7 /* Build configuration list for PBXNativeTarget "Flix" */;
			buildPhases = (
				A6D898BB9CE2FDD4A86AF7E5 /* [CP] Check Pods Manifest.lock */,
				4EAF62A4214DA73E00B9CAC7 /* Sources */,
				4EAF62A5214DA73E00B9CAC7 /* Frameworks */,
				4EAF62A6214DA73E00B9CAC7 /* Resources */,
				4525AA3157BAD1C4F79EFE5D /* [CP] Embed Pods Frameworks */,
			);
			buildRules = (
			);
			dependencies = (
			);
			name = Flix;
			productName = Flix;
			productReference = 4EAF62A8214DA73E00B9CAC7 /* Flix.app */;
			productType = "com.apple.product-type.application";
		};
		4EAF62BB214DA73F00B9CAC7 /* FlixTests */ = {
			isa = PBXNativeTarget;
			buildConfigurationList = 4EAF62D3214DA73F00B9CAC7 /* Build configuration list for PBXNativeTarget "FlixTests" */;
			buildPhases = (
				B400472A651A89F9CF208711 /* [CP] Check Pods Manifest.lock */,
				4EAF62B8214DA73F00B9CAC7 /* Sources */,
				4EAF62B9214DA73F00B9CAC7 /* Frameworks */,
				4EAF62BA214DA73F00B9CAC7 /* Resources */,
			);
			buildRules = (
			);
			dependencies = (
				4EAF62BE214DA73F00B9CAC7 /* PBXTargetDependency */,
			);
			name = FlixTests;
			productName = FlixTests;
			productReference = 4EAF62BC214DA73F00B9CAC7 /* FlixTests.xctest */;
			productType = "com.apple.product-type.bundle.unit-test";
		};
		4EAF62C6214DA73F00B9CAC7 /* FlixUITests */ = {
			isa = PBXNativeTarget;
			buildConfigurationList = 4EAF62D6214DA73F00B9CAC7 /* Build configuration list for PBXNativeTarget "FlixUITests" */;
			buildPhases = (
				00521C46EF29D403D1DBE08D /* [CP] Check Pods Manifest.lock */,
				4EAF62C3214DA73F00B9CAC7 /* Sources */,
				4EAF62C4214DA73F00B9CAC7 /* Frameworks */,
				4EAF62C5214DA73F00B9CAC7 /* Resources */,
			);
			buildRules = (
			);
			dependencies = (
				4EAF62C9214DA73F00B9CAC7 /* PBXTargetDependency */,
			);
			name = FlixUITests;
			productName = FlixUITests;
			productReference = 4EAF62C7214DA73F00B9CAC7 /* FlixUITests.xctest */;
			productType = "com.apple.product-type.bundle.ui-testing";
		};
/* End PBXNativeTarget section */

/* Begin PBXProject section */
		4EAF62A0214DA73E00B9CAC7 /* Project object */ = {
			isa = PBXProject;
			attributes = {
				LastSwiftUpdateCheck = 0940;
				LastUpgradeCheck = 0940;
				ORGANIZATIONNAME = anthony;
				TargetAttributes = {
					4EAF62A7214DA73E00B9CAC7 = {
						CreatedOnToolsVersion = 9.4.1;
					};
					4EAF62BB214DA73F00B9CAC7 = {
						CreatedOnToolsVersion = 9.4.1;
						TestTargetID = 4EAF62A7214DA73E00B9CAC7;
					};
					4EAF62C6214DA73F00B9CAC7 = {
						CreatedOnToolsVersion = 9.4.1;
						TestTargetID = 4EAF62A7214DA73E00B9CAC7;
					};
				};
			};
			buildConfigurationList = 4EAF62A3214DA73E00B9CAC7 /* Build configuration list for PBXProject "Flix" */;
			compatibilityVersion = "Xcode 9.3";
			developmentRegion = en;
			hasScannedForEncodings = 0;
			knownRegions = (
				en,
				Base,
			);
			mainGroup = 4EAF629F214DA73E00B9CAC7;
			productRefGroup = 4EAF62A9214DA73E00B9CAC7 /* Products */;
			projectDirPath = "";
			projectRoot = "";
			targets = (
				4EAF62A7214DA73E00B9CAC7 /* Flix */,
				4EAF62BB214DA73F00B9CAC7 /* FlixTests */,
				4EAF62C6214DA73F00B9CAC7 /* FlixUITests */,
			);
		};
/* End PBXProject section */

/* Begin PBXResourcesBuildPhase section */
		4EAF62A6214DA73E00B9CAC7 /* Resources */ = {
			isa = PBXResourcesBuildPhase;
			buildActionMask = 2147483647;
			files = (
				4EAF62B6214DA73F00B9CAC7 /* LaunchScreen.storyboard in Resources */,
				4EAF62B3214DA73F00B9CAC7 /* Assets.xcassets in Resources */,
				4EAF62B1214DA73E00B9CAC7 /* Main.storyboard in Resources */,
			);
			runOnlyForDeploymentPostprocessing = 0;
		};
		4EAF62BA214DA73F00B9CAC7 /* Resources */ = {
			isa = PBXResourcesBuildPhase;
			buildActionMask = 2147483647;
			files = (
			);
			runOnlyForDeploymentPostprocessing = 0;
		};
		4EAF62C5214DA73F00B9CAC7 /* Resources */ = {
			isa = PBXResourcesBuildPhase;
			buildActionMask = 2147483647;
			files = (
			);
			runOnlyForDeploymentPostprocessing = 0;
		};
/* End PBXResourcesBuildPhase section */

/* Begin PBXShellScriptBuildPhase section */
		00521C46EF29D403D1DBE08D /* [CP] Check Pods Manifest.lock */ = {
			isa = PBXShellScriptBuildPhase;
			buildActionMask = 2147483647;
			files = (
			);
			inputFileListPaths = (
			);
			inputPaths = (
				"${PODS_PODFILE_DIR_PATH}/Podfile.lock",
				"${PODS_ROOT}/Manifest.lock",
			);
			name = "[CP] Check Pods Manifest.lock";
			outputFileListPaths = (
			);
			outputPaths = (
				"$(DERIVED_FILE_DIR)/Pods-FlixUITests-checkManifestLockResult.txt",
			);
			runOnlyForDeploymentPostprocessing = 0;
			shellPath = /bin/sh;
			shellScript = "diff \"${PODS_PODFILE_DIR_PATH}/Podfile.lock\" \"${PODS_ROOT}/Manifest.lock\" > /dev/null\nif [ $? != 0 ] ; then\n    # print error to STDERR\n    echo \"error: The sandbox is not in sync with the Podfile.lock. Run 'pod install' or update your CocoaPods installation.\" >&2\n    exit 1\nfi\n# This output is used by Xcode 'outputs' to avoid re-running this script phase.\necho \"SUCCESS\" > \"${SCRIPT_OUTPUT_FILE_0}\"\n";
			showEnvVarsInLog = 0;
		};
		4525AA3157BAD1C4F79EFE5D /* [CP] Embed Pods Frameworks */ = {
			isa = PBXShellScriptBuildPhase;
			buildActionMask = 2147483647;
			files = (
			);
			inputFileListPaths = (
			);
			inputPaths = (
				"${SRCROOT}/Pods/Target Support Files/Pods-Flix/Pods-Flix-frameworks.sh",
				"${BUILT_PRODUCTS_DIR}/Alamofire/Alamofire.framework",
				"${BUILT_PRODUCTS_DIR}/AlamofireImage/AlamofireImage.framework",
			);
			name = "[CP] Embed Pods Frameworks";
			outputFileListPaths = (
			);
			outputPaths = (
				"${TARGET_BUILD_DIR}/${FRAMEWORKS_FOLDER_PATH}/Alamofire.framework",
				"${TARGET_BUILD_DIR}/${FRAMEWORKS_FOLDER_PATH}/AlamofireImage.framework",
			);
			runOnlyForDeploymentPostprocessing = 0;
			shellPath = /bin/sh;
			shellScript = "\"${SRCROOT}/Pods/Target Support Files/Pods-Flix/Pods-Flix-frameworks.sh\"\n";
			showEnvVarsInLog = 0;
		};
		A6D898BB9CE2FDD4A86AF7E5 /* [CP] Check Pods Manifest.lock */ = {
			isa = PBXShellScriptBuildPhase;
			buildActionMask = 2147483647;
			files = (
			);
			inputFileListPaths = (
			);
			inputPaths = (
				"${PODS_PODFILE_DIR_PATH}/Podfile.lock",
				"${PODS_ROOT}/Manifest.lock",
			);
			name = "[CP] Check Pods Manifest.lock";
			outputFileListPaths = (
			);
			outputPaths = (
				"$(DERIVED_FILE_DIR)/Pods-Flix-checkManifestLockResult.txt",
			);
			runOnlyForDeploymentPostprocessing = 0;
			shellPath = /bin/sh;
			shellScript = "diff \"${PODS_PODFILE_DIR_PATH}/Podfile.lock\" \"${PODS_ROOT}/Manifest.lock\" > /dev/null\nif [ $? != 0 ] ; then\n    # print error to STDERR\n    echo \"error: The sandbox is not in sync with the Podfile.lock. Run 'pod install' or update your CocoaPods installation.\" >&2\n    exit 1\nfi\n# This output is used by Xcode 'outputs' to avoid re-running this script phase.\necho \"SUCCESS\" > \"${SCRIPT_OUTPUT_FILE_0}\"\n";
			showEnvVarsInLog = 0;
		};
		B400472A651A89F9CF208711 /* [CP] Check Pods Manifest.lock */ = {
			isa = PBXShellScriptBuildPhase;
			buildActionMask = 2147483647;
			files = (
			);
			inputFileListPaths = (
			);
			inputPaths = (
				"${PODS_PODFILE_DIR_PATH}/Podfile.lock",
				"${PODS_ROOT}/Manifest.lock",
			);
			name = "[CP] Check Pods Manifest.lock";
			outputFileListPaths = (
			);
			outputPaths = (
				"$(DERIVED_FILE_DIR)/Pods-FlixTests-checkManifestLockResult.txt",
			);
			runOnlyForDeploymentPostprocessing = 0;
			shellPath = /bin/sh;
			shellScript = "diff \"${PODS_PODFILE_DIR_PATH}/Podfile.lock\" \"${PODS_ROOT}/Manifest.lock\" > /dev/null\nif [ $? != 0 ] ; then\n    # print error to STDERR\n    echo \"error: The sandbox is not in sync with the Podfile.lock. Run 'pod install' or update your CocoaPods installation.\" >&2\n    exit 1\nfi\n# This output is used by Xcode 'outputs' to avoid re-running this script phase.\necho \"SUCCESS\" > \"${SCRIPT_OUTPUT_FILE_0}\"\n";
			showEnvVarsInLog = 0;
		};
/* End PBXShellScriptBuildPhase section */

/* Begin PBXSourcesBuildPhase section */
		4EAF62A4214DA73E00B9CAC7 /* Sources */ = {
			isa = PBXSourcesBuildPhase;
			buildActionMask = 2147483647;
			files = (
				4EAF62DA214DEF1600B9CAC7 /* NowPlayingViewController.swift in Sources */,
				4EAF62AC214DA73E00B9CAC7 /* AppDelegate.swift in Sources */,
				4EAF62DC214FF9D400B9CAC7 /* MovieCell.swift in Sources */,
			);
			runOnlyForDeploymentPostprocessing = 0;
		};
		4EAF62B8214DA73F00B9CAC7 /* Sources */ = {
			isa = PBXSourcesBuildPhase;
			buildActionMask = 2147483647;
			files = (
				4EAF62C1214DA73F00B9CAC7 /* FlixTests.swift in Sources */,
			);
			runOnlyForDeploymentPostprocessing = 0;
		};
		4EAF62C3214DA73F00B9CAC7 /* Sources */ = {
			isa = PBXSourcesBuildPhase;
			buildActionMask = 2147483647;
			files = (
				4EAF62CC214DA73F00B9CAC7 /* FlixUITests.swift in Sources */,
			);
			runOnlyForDeploymentPostprocessing = 0;
		};
/* End PBXSourcesBuildPhase section */

/* Begin PBXTargetDependency section */
		4EAF62BE214DA73F00B9CAC7 /* PBXTargetDependency */ = {
			isa = PBXTargetDependency;
			target = 4EAF62A7214DA73E00B9CAC7 /* Flix */;
			targetProxy = 4EAF62BD214DA73F00B9CAC7 /* PBXContainerItemProxy */;
		};
		4EAF62C9214DA73F00B9CAC7 /* PBXTargetDependency */ = {
			isa = PBXTargetDependency;
			target = 4EAF62A7214DA73E00B9CAC7 /* Flix */;
			targetProxy = 4EAF62C8214DA73F00B9CAC7 /* PBXContainerItemProxy */;
		};
/* End PBXTargetDependency section */

/* Begin PBXVariantGroup section */
		4EAF62AF214DA73E00B9CAC7 /* Main.storyboard */ = {
			isa = PBXVariantGroup;
			children = (
				4EAF62B0214DA73E00B9CAC7 /* Base */,
			);
			name = Main.storyboard;
			sourceTree = "<group>";
		};
		4EAF62B4214DA73F00B9CAC7 /* LaunchScreen.storyboard */ = {
			isa = PBXVariantGroup;
			children = (
				4EAF62B5214DA73F00B9CAC7 /* Base */,
			);
			name = LaunchScreen.storyboard;
			sourceTree = "<group>";
		};
/* End PBXVariantGroup section */

/* Begin XCBuildConfiguration section */
		4EAF62CE214DA73F00B9CAC7 /* Debug */ = {
			isa = XCBuildConfiguration;
			buildSettings = {
				ALWAYS_SEARCH_USER_PATHS = NO;
				CLANG_ANALYZER_NONNULL = YES;
				CLANG_ANALYZER_NUMBER_OBJECT_CONVERSION = YES_AGGRESSIVE;
				CLANG_CXX_LANGUAGE_STANDARD = "gnu++14";
				CLANG_CXX_LIBRARY = "libc++";
				CLANG_ENABLE_MODULES = YES;
				CLANG_ENABLE_OBJC_ARC = YES;
				CLANG_ENABLE_OBJC_WEAK = YES;
				CLANG_WARN_BLOCK_CAPTURE_AUTORELEASING = YES;
				CLANG_WARN_BOOL_CONVERSION = YES;
				CLANG_WARN_COMMA = YES;
				CLANG_WARN_CONSTANT_CONVERSION = YES;
				CLANG_WARN_DEPRECATED_OBJC_IMPLEMENTATIONS = YES;
				CLANG_WARN_DIRECT_OBJC_ISA_USAGE = YES_ERROR;
				CLANG_WARN_DOCUMENTATION_COMMENTS = YES;
				CLANG_WARN_EMPTY_BODY = YES;
				CLANG_WARN_ENUM_CONVERSION = YES;
				CLANG_WARN_INFINITE_RECURSION = YES;
				CLANG_WARN_INT_CONVERSION = YES;
				CLANG_WARN_NON_LITERAL_NULL_CONVERSION = YES;
				CLANG_WARN_OBJC_IMPLICIT_RETAIN_SELF = YES;
				CLANG_WARN_OBJC_LITERAL_CONVERSION = YES;
				CLANG_WARN_OBJC_ROOT_CLASS = YES_ERROR;
				CLANG_WARN_RANGE_LOOP_ANALYSIS = YES;
				CLANG_WARN_STRICT_PROTOTYPES = YES;
				CLANG_WARN_SUSPICIOUS_MOVE = YES;
				CLANG_WARN_UNGUARDED_AVAILABILITY = YES_AGGRESSIVE;
				CLANG_WARN_UNREACHABLE_CODE = YES;
				CLANG_WARN__DUPLICATE_METHOD_MATCH = YES;
				CODE_SIGN_IDENTITY = "iPhone Developer";
				COPY_PHASE_STRIP = NO;
				DEBUG_INFORMATION_FORMAT = dwarf;
				ENABLE_STRICT_OBJC_MSGSEND = YES;
				ENABLE_TESTABILITY = YES;
				GCC_C_LANGUAGE_STANDARD = gnu11;
				GCC_DYNAMIC_NO_PIC = NO;
				GCC_NO_COMMON_BLOCKS = YES;
				GCC_OPTIMIZATION_LEVEL = 0;
				GCC_PREPROCESSOR_DEFINITIONS = (
					"DEBUG=1",
					"$(inherited)",
				);
				GCC_WARN_64_TO_32_BIT_CONVERSION = YES;
				GCC_WARN_ABOUT_RETURN_TYPE = YES_ERROR;
				GCC_WARN_UNDECLARED_SELECTOR = YES;
				GCC_WARN_UNINITIALIZED_AUTOS = YES_AGGRESSIVE;
				GCC_WARN_UNUSED_FUNCTION = YES;
				GCC_WARN_UNUSED_VARIABLE = YES;
				IPHONEOS_DEPLOYMENT_TARGET = 11.4;
				MTL_ENABLE_DEBUG_INFO = YES;
				ONLY_ACTIVE_ARCH = YES;
				SDKROOT = iphoneos;
				SWIFT_ACTIVE_COMPILATION_CONDITIONS = DEBUG;
				SWIFT_OPTIMIZATION_LEVEL = "-Onone";
			};
			name = Debug;
		};
		4EAF62CF214DA73F00B9CAC7 /* Release */ = {
			isa = XCBuildConfiguration;
			buildSettings = {
				ALWAYS_SEARCH_USER_PATHS = NO;
				CLANG_ANALYZER_NONNULL = YES;
				CLANG_ANALYZER_NUMBER_OBJECT_CONVERSION = YES_AGGRESSIVE;
				CLANG_CXX_LANGUAGE_STANDARD = "gnu++14";
				CLANG_CXX_LIBRARY = "libc++";
				CLANG_ENABLE_MODULES = YES;
				CLANG_ENABLE_OBJC_ARC = YES;
				CLANG_ENABLE_OBJC_WEAK = YES;
				CLANG_WARN_BLOCK_CAPTURE_AUTORELEASING = YES;
				CLANG_WARN_BOOL_CONVERSION = YES;
				CLANG_WARN_COMMA = YES;
				CLANG_WARN_CONSTANT_CONVERSION = YES;
				CLANG_WARN_DEPRECATED_OBJC_IMPLEMENTATIONS = YES;
				CLANG_WARN_DIRECT_OBJC_ISA_USAGE = YES_ERROR;
				CLANG_WARN_DOCUMENTATION_COMMENTS = YES;
				CLANG_WARN_EMPTY_BODY = YES;
				CLANG_WARN_ENUM_CONVERSION = YES;
				CLANG_WARN_INFINITE_RECURSION = YES;
				CLANG_WARN_INT_CONVERSION = YES;
				CLANG_WARN_NON_LITERAL_NULL_CONVERSION = YES;
				CLANG_WARN_OBJC_IMPLICIT_RETAIN_SELF = YES;
				CLANG_WARN_OBJC_LITERAL_CONVERSION = YES;
				CLANG_WARN_OBJC_ROOT_CLASS = YES_ERROR;
				CLANG_WARN_RANGE_LOOP_ANALYSIS = YES;
				CLANG_WARN_STRICT_PROTOTYPES = YES;
				CLANG_WARN_SUSPICIOUS_MOVE = YES;
				CLANG_WARN_UNGUARDED_AVAILABILITY = YES_AGGRESSIVE;
				CLANG_WARN_UNREACHABLE_CODE = YES;
				CLANG_WARN__DUPLICATE_METHOD_MATCH = YES;
				CODE_SIGN_IDENTITY = "iPhone Developer";
				COPY_PHASE_STRIP = NO;
				DEBUG_INFORMATION_FORMAT = "dwarf-with-dsym";
				ENABLE_NS_ASSERTIONS = NO;
				ENABLE_STRICT_OBJC_MSGSEND = YES;
				GCC_C_LANGUAGE_STANDARD = gnu11;
				GCC_NO_COMMON_BLOCKS = YES;
				GCC_WARN_64_TO_32_BIT_CONVERSION = YES;
				GCC_WARN_ABOUT_RETURN_TYPE = YES_ERROR;
				GCC_WARN_UNDECLARED_SELECTOR = YES;
				GCC_WARN_UNINITIALIZED_AUTOS = YES_AGGRESSIVE;
				GCC_WARN_UNUSED_FUNCTION = YES;
				GCC_WARN_UNUSED_VARIABLE = YES;
				IPHONEOS_DEPLOYMENT_TARGET = 11.4;
				MTL_ENABLE_DEBUG_INFO = NO;
				SDKROOT = iphoneos;
				SWIFT_COMPILATION_MODE = wholemodule;
				SWIFT_OPTIMIZATION_LEVEL = "-O";
				VALIDATE_PRODUCT = YES;
			};
			name = Release;
		};
		4EAF62D1214DA73F00B9CAC7 /* Debug */ = {
			isa = XCBuildConfiguration;
			baseConfigurationReference = 1BFA22947C98E9913CB83F11 /* Pods-Flix.debug.xcconfig */;
			buildSettings = {
				ASSETCATALOG_COMPILER_APPICON_NAME = AppIcon;
				CODE_SIGN_STYLE = Automatic;
				DEVELOPMENT_TEAM = PYK34TKJT5;
				INFOPLIST_FILE = Flix/Info.plist;
				LD_RUNPATH_SEARCH_PATHS = (
					"$(inherited)",
					"@executable_path/Frameworks",
				);
				PRODUCT_BUNDLE_IDENTIFIER = anthony.Flix;
				PRODUCT_NAME = "$(TARGET_NAME)";
				SWIFT_VERSION = 4.0;
				TARGETED_DEVICE_FAMILY = "1,2";
			};
			name = Debug;
		};
		4EAF62D2214DA73F00B9CAC7 /* Release */ = {
			isa = XCBuildConfiguration;
			baseConfigurationReference = 39893F7584E86EE6420DD4E7 /* Pods-Flix.release.xcconfig */;
			buildSettings = {
				ASSETCATALOG_COMPILER_APPICON_NAME = AppIcon;
				CODE_SIGN_STYLE = Automatic;
				DEVELOPMENT_TEAM = PYK34TKJT5;
				INFOPLIST_FILE = Flix/Info.plist;
				LD_RUNPATH_SEARCH_PATHS = (
					"$(inherited)",
					"@executable_path/Frameworks",
				);
				PRODUCT_BUNDLE_IDENTIFIER = anthony.Flix;
				PRODUCT_NAME = "$(TARGET_NAME)";
				SWIFT_VERSION = 4.0;
				TARGETED_DEVICE_FAMILY = "1,2";
			};
			name = Release;
		};
		4EAF62D4214DA73F00B9CAC7 /* Debug */ = {
			isa = XCBuildConfiguration;
			baseConfigurationReference = BA303E4F3BCCD8C0B2360F97 /* Pods-FlixTests.debug.xcconfig */;
			buildSettings = {
				ALWAYS_EMBED_SWIFT_STANDARD_LIBRARIES = YES;
				BUNDLE_LOADER = "$(TEST_HOST)";
				CODE_SIGN_STYLE = Automatic;
				DEVELOPMENT_TEAM = PYK34TKJT5;
				INFOPLIST_FILE = FlixTests/Info.plist;
				LD_RUNPATH_SEARCH_PATHS = (
					"$(inherited)",
					"@executable_path/Frameworks",
					"@loader_path/Frameworks",
				);
				PRODUCT_BUNDLE_IDENTIFIER = anthony.FlixTests;
				PRODUCT_NAME = "$(TARGET_NAME)";
				SWIFT_VERSION = 4.0;
				TARGETED_DEVICE_FAMILY = "1,2";
				TEST_HOST = "$(BUILT_PRODUCTS_DIR)/Flix.app/Flix";
			};
			name = Debug;
		};
		4EAF62D5214DA73F00B9CAC7 /* Release */ = {
			isa = XCBuildConfiguration;
			baseConfigurationReference = A52E12BCA7C2D4C90DA21B3A /* Pods-FlixTests.release.xcconfig */;
			buildSettings = {
				ALWAYS_EMBED_SWIFT_STANDARD_LIBRARIES = YES;
				BUNDLE_LOADER = "$(TEST_HOST)";
				CODE_SIGN_STYLE = Automatic;
				DEVELOPMENT_TEAM = PYK34TKJT5;
				INFOPLIST_FILE = FlixTests/Info.plist;
				LD_RUNPATH_SEARCH_PATHS = (
					"$(inherited)",
					"@executable_path/Frameworks",
					"@loader_path/Frameworks",
				);
				PRODUCT_BUNDLE_IDENTIFIER = anthony.FlixTests;
				PRODUCT_NAME = "$(TARGET_NAME)";
				SWIFT_VERSION = 4.0;
				TARGETED_DEVICE_FAMILY = "1,2";
				TEST_HOST = "$(BUILT_PRODUCTS_DIR)/Flix.app/Flix";
			};
			name = Release;
		};
		4EAF62D7214DA73F00B9CAC7 /* Debug */ = {
			isa = XCBuildConfiguration;
			baseConfigurationReference = 36C63BAD073D43E7BADF543B /* Pods-FlixUITests.debug.xcconfig */;
			buildSettings = {
				ALWAYS_EMBED_SWIFT_STANDARD_LIBRARIES = YES;
				CODE_SIGN_STYLE = Automatic;
				DEVELOPMENT_TEAM = PYK34TKJT5;
				INFOPLIST_FILE = FlixUITests/Info.plist;
				LD_RUNPATH_SEARCH_PATHS = (
					"$(inherited)",
					"@executable_path/Frameworks",
					"@loader_path/Frameworks",
				);
				PRODUCT_BUNDLE_IDENTIFIER = anthony.FlixUITests;
				PRODUCT_NAME = "$(TARGET_NAME)";
				SWIFT_VERSION = 4.0;
				TARGETED_DEVICE_FAMILY = "1,2";
				TEST_TARGET_NAME = Flix;
			};
			name = Debug;
		};
		4EAF62D8214DA73F00B9CAC7 /* Release */ = {
			isa = XCBuildConfiguration;
			baseConfigurationReference = EB2065DBCFD1C61209D99F97 /* Pods-FlixUITests.release.xcconfig */;
			buildSettings = {
				ALWAYS_EMBED_SWIFT_STANDARD_LIBRARIES = YES;
				CODE_SIGN_STYLE = Automatic;
				DEVELOPMENT_TEAM = PYK34TKJT5;
				INFOPLIST_FILE = FlixUITests/Info.plist;
				LD_RUNPATH_SEARCH_PATHS = (
					"$(inherited)",
					"@executable_path/Frameworks",
					"@loader_path/Frameworks",
				);
				PRODUCT_BUNDLE_IDENTIFIER = anthony.FlixUITests;
				PRODUCT_NAME = "$(TARGET_NAME)";
				SWIFT_VERSION = 4.0;
				TARGETED_DEVICE_FAMILY = "1,2";
				TEST_TARGET_NAME = Flix;
			};
			name = Release;
		};
/* End XCBuildConfiguration section */

/* Begin XCConfigurationList section */
		4EAF62A3214DA73E00B9CAC7 /* Build configuration list for PBXProject "Flix" */ = {
			isa = XCConfigurationList;
			buildConfigurations = (
				4EAF62CE214DA73F00B9CAC7 /* Debug */,
				4EAF62CF214DA73F00B9CAC7 /* Release */,
			);
			defaultConfigurationIsVisible = 0;
			defaultConfigurationName = Release;
		};
		4EAF62D0214DA73F00B9CAC7 /* Build configuration list for PBXNativeTarget "Flix" */ = {
			isa = XCConfigurationList;
			buildConfigurations = (
				4EAF62D1214DA73F00B9CAC7 /* Debug */,
				4EAF62D2214DA73F00B9CAC7 /* Release */,
			);
			defaultConfigurationIsVisible = 0;
			defaultConfigurationName = Release;
		};
		4EAF62D3214DA73F00B9CAC7 /* Build configuration list for PBXNativeTarget "FlixTests" */ = {
			isa = XCConfigurationList;
			buildConfigurations = (
				4EAF62D4214DA73F00B9CAC7 /* Debug */,
				4EAF62D5214DA73F00B9CAC7 /* Release */,
			);
			defaultConfigurationIsVisible = 0;
			defaultConfigurationName = Release;
		};
		4EAF62D6214DA73F00B9CAC7 /* Build configuration list for PBXNativeTarget "FlixUITests" */ = {
			isa = XCConfigurationList;
			buildConfigurations = (
				4EAF62D7214DA73F00B9CAC7 /* Debug */,
				4EAF62D8214DA73F00B9CAC7 /* Release */,
			);
			defaultConfigurationIsVisible = 0;
			defaultConfigurationName = Release;
		};
/* End XCConfigurationList section */
	};
	rootObject = 4EAF62A0214DA73E00B9CAC7 /* Project object */;
}
